
Microsoft Visual Studio Solution File, Format Version 12.00
# Visual Studio Version 17
VisualStudioVersion = 17.5.33516.290
MinimumVisualStudioVersion = 10.0.40219.1
Project("{9A19103F-16F7-4668-BE54-9A1E7A4F7556}") = "MakeYouPro.Bank.CRM", "MakeYouPro.Bank.CRM\MakeYouPro.Bank.CRM.csproj", "{B2E957E9-92A2-4225-9E6A-B5A018AD900A}"
EndProject
Project("{9A19103F-16F7-4668-BE54-9A1E7A4F7556}") = "MakeYouPro.Bourse.CRM.Bll", "MakeYouPro.Bourse.CRM.Bll\MakeYouPro.Bourse.CRM.Bll.csproj", "{2A20F480-E36D-4CB4-9D95-2E7304B447A7}"
EndProject
Project("{9A19103F-16F7-4668-BE54-9A1E7A4F7556}") = "MakeYouPro.Bourse.CRM.Dal", "MakeYouPro.Bourse.CRM.Dal\MakeYouPro.Bourse.CRM.Dal.csproj", "{DF31D4E3-F8DE-4891-A91B-7F746BF988C8}"
EndProject
Project("{2150E333-8FDC-42A3-9474-1A3956D46DE8}") = "MakeYouPro.Bourse.CRM", "MakeYouPro.Bourse.CRM", "{129ACFF1-2BFF-4B32-814C-2D0180AE0726}"
EndProject
Project("{9A19103F-16F7-4668-BE54-9A1E7A4F7556}") = "MakeYouPro.Bourse.CRM.Api", "MakeYouPro.Bourse.CRM.Api\MakeYouPro.Bourse.CRM.Api.csproj", "{F79E11B2-FF96-462F-B564-E8112E2B9A7A}"
EndProject
Project("{9A19103F-16F7-4668-BE54-9A1E7A4F7556}") = "MakeYouPro.Bourse.CRM.Core", "MakeYouPro.Bourse.CRM.Core\MakeYouPro.Bourse.CRM.Core.csproj", "{ED337C0A-3B91-4EA3-A6A2-C4C16F5DF5A6}"
EndProject
Project("{2150E333-8FDC-42A3-9474-1A3956D46DE8}") = "MakeYouPro.Bourse.LeadStatusUpdater", "MakeYouPro.Bourse.LeadStatusUpdater", "{7D4AAE7C-E143-478D-91E7-ADB07732FED0}"
EndProject
Project("{9A19103F-16F7-4668-BE54-9A1E7A4F7556}") = "MakeYouPro.Bourse.LeadStatusUpdater.Service", "MakeYouPro.Bourse.LeadStatusUpdater.Service\MakeYouPro.Bourse.LeadStatusUpdater.Service.csproj", "{CBE7A5AD-17AF-4BC4-B4AF-4C72BF948696}"
EndProject
Project("{FAE04EC0-301F-11D3-BF4B-00C04F79EFBC}") = "MakeYouPro.Bourse.LeadStatusUpdater.Api", "MakeYouPro.Bourse.LeadStatusUpdater.Api\MakeYouPro.Bourse.LeadStatusUpdater.Api.csproj", "{68EBEB62-E539-4B13-BE6A-9BFC86D7E83C}"
EndProject
Project("{FAE04EC0-301F-11D3-BF4B-00C04F79EFBC}") = "MakeYouPro.Bourse.LeadStatusUpdater.Bll", "MakeYouPro.Bourse.LeadStatusUpdater.Bll\MakeYouPro.Bourse.LeadStatusUpdater.Bll.csproj", "{83C1ABD2-EF92-4527-9C10-3E4476F69304}"
Project("{2150E333-8FDC-42A3-9474-1A3956D46DE8}") = "MakeYouPro.Bourse.ReportingService", "MakeYouPro.Bourse.ReportingService", "{EF000179-67B5-4162-8A9F-724E762CD668}"
EndProject
Project("{9A19103F-16F7-4668-BE54-9A1E7A4F7556}") = "ReportingService.Api", "ReportingService.API\ReportingService.Api.csproj", "{DD4D9EF8-E60E-4311-8883-1DDE44312E4C}"
EndProject
Project("{9A19103F-16F7-4668-BE54-9A1E7A4F7556}") = "ReportingService.Bll", "ReportingService.Bll\ReportingService.Bll.csproj", "{ED65C7C2-0A44-4C59-A6DA-E193A6637101}"
EndProject
Project("{9A19103F-16F7-4668-BE54-9A1E7A4F7556}") = "ReportingService.Dal", "ReportingService.Dal\ReportingService.Dal.csproj", "{A8790D79-FAB8-49E3-AF06-371192BBE7E0}"
EndProject
Project("{9A19103F-16F7-4668-BE54-9A1E7A4F7556}") = "CoreRS", "CoreRS\CoreRS.csproj", "{7DEFF466-288F-4B7D-BBF1-7A556CFBCAD0}"
EndProject
Global
	GlobalSection(SolutionConfigurationPlatforms) = preSolution
		Debug|Any CPU = Debug|Any CPU
		Release|Any CPU = Release|Any CPU
	EndGlobalSection
	GlobalSection(ProjectConfigurationPlatforms) = postSolution
		{B2E957E9-92A2-4225-9E6A-B5A018AD900A}.Debug|Any CPU.ActiveCfg = Debug|Any CPU
		{B2E957E9-92A2-4225-9E6A-B5A018AD900A}.Debug|Any CPU.Build.0 = Debug|Any CPU
		{B2E957E9-92A2-4225-9E6A-B5A018AD900A}.Release|Any CPU.ActiveCfg = Release|Any CPU
		{B2E957E9-92A2-4225-9E6A-B5A018AD900A}.Release|Any CPU.Build.0 = Release|Any CPU
		{2A20F480-E36D-4CB4-9D95-2E7304B447A7}.Debug|Any CPU.ActiveCfg = Debug|Any CPU
		{2A20F480-E36D-4CB4-9D95-2E7304B447A7}.Debug|Any CPU.Build.0 = Debug|Any CPU
		{2A20F480-E36D-4CB4-9D95-2E7304B447A7}.Release|Any CPU.ActiveCfg = Release|Any CPU
		{2A20F480-E36D-4CB4-9D95-2E7304B447A7}.Release|Any CPU.Build.0 = Release|Any CPU
		{DF31D4E3-F8DE-4891-A91B-7F746BF988C8}.Debug|Any CPU.ActiveCfg = Debug|Any CPU
		{DF31D4E3-F8DE-4891-A91B-7F746BF988C8}.Debug|Any CPU.Build.0 = Debug|Any CPU
		{DF31D4E3-F8DE-4891-A91B-7F746BF988C8}.Release|Any CPU.ActiveCfg = Release|Any CPU
		{DF31D4E3-F8DE-4891-A91B-7F746BF988C8}.Release|Any CPU.Build.0 = Release|Any CPU
		{F79E11B2-FF96-462F-B564-E8112E2B9A7A}.Debug|Any CPU.ActiveCfg = Debug|Any CPU
		{F79E11B2-FF96-462F-B564-E8112E2B9A7A}.Debug|Any CPU.Build.0 = Debug|Any CPU
		{F79E11B2-FF96-462F-B564-E8112E2B9A7A}.Release|Any CPU.ActiveCfg = Release|Any CPU
		{F79E11B2-FF96-462F-B564-E8112E2B9A7A}.Release|Any CPU.Build.0 = Release|Any CPU
		{ED337C0A-3B91-4EA3-A6A2-C4C16F5DF5A6}.Debug|Any CPU.ActiveCfg = Debug|Any CPU
		{ED337C0A-3B91-4EA3-A6A2-C4C16F5DF5A6}.Debug|Any CPU.Build.0 = Debug|Any CPU
		{ED337C0A-3B91-4EA3-A6A2-C4C16F5DF5A6}.Release|Any CPU.ActiveCfg = Release|Any CPU
		{ED337C0A-3B91-4EA3-A6A2-C4C16F5DF5A6}.Release|Any CPU.Build.0 = Release|Any CPU
		{CBE7A5AD-17AF-4BC4-B4AF-4C72BF948696}.Debug|Any CPU.ActiveCfg = Debug|Any CPU
		{CBE7A5AD-17AF-4BC4-B4AF-4C72BF948696}.Debug|Any CPU.Build.0 = Debug|Any CPU
		{CBE7A5AD-17AF-4BC4-B4AF-4C72BF948696}.Release|Any CPU.ActiveCfg = Release|Any CPU
		{CBE7A5AD-17AF-4BC4-B4AF-4C72BF948696}.Release|Any CPU.Build.0 = Release|Any CPU
		{68EBEB62-E539-4B13-BE6A-9BFC86D7E83C}.Debug|Any CPU.ActiveCfg = Debug|Any CPU
		{68EBEB62-E539-4B13-BE6A-9BFC86D7E83C}.Debug|Any CPU.Build.0 = Debug|Any CPU
		{68EBEB62-E539-4B13-BE6A-9BFC86D7E83C}.Release|Any CPU.ActiveCfg = Release|Any CPU
		{68EBEB62-E539-4B13-BE6A-9BFC86D7E83C}.Release|Any CPU.Build.0 = Release|Any CPU
		{83C1ABD2-EF92-4527-9C10-3E4476F69304}.Debug|Any CPU.ActiveCfg = Debug|Any CPU
		{83C1ABD2-EF92-4527-9C10-3E4476F69304}.Debug|Any CPU.Build.0 = Debug|Any CPU
		{83C1ABD2-EF92-4527-9C10-3E4476F69304}.Release|Any CPU.ActiveCfg = Release|Any CPU
		{83C1ABD2-EF92-4527-9C10-3E4476F69304}.Release|Any CPU.Build.0 = Release|Any CPU
		{DD4D9EF8-E60E-4311-8883-1DDE44312E4C}.Debug|Any CPU.ActiveCfg = Debug|Any CPU
		{DD4D9EF8-E60E-4311-8883-1DDE44312E4C}.Debug|Any CPU.Build.0 = Debug|Any CPU
		{DD4D9EF8-E60E-4311-8883-1DDE44312E4C}.Release|Any CPU.ActiveCfg = Release|Any CPU
		{DD4D9EF8-E60E-4311-8883-1DDE44312E4C}.Release|Any CPU.Build.0 = Release|Any CPU
		{ED65C7C2-0A44-4C59-A6DA-E193A6637101}.Debug|Any CPU.ActiveCfg = Debug|Any CPU
		{ED65C7C2-0A44-4C59-A6DA-E193A6637101}.Debug|Any CPU.Build.0 = Debug|Any CPU
		{ED65C7C2-0A44-4C59-A6DA-E193A6637101}.Release|Any CPU.ActiveCfg = Release|Any CPU
		{ED65C7C2-0A44-4C59-A6DA-E193A6637101}.Release|Any CPU.Build.0 = Release|Any CPU
		{A8790D79-FAB8-49E3-AF06-371192BBE7E0}.Debug|Any CPU.ActiveCfg = Debug|Any CPU
		{A8790D79-FAB8-49E3-AF06-371192BBE7E0}.Debug|Any CPU.Build.0 = Debug|Any CPU
		{A8790D79-FAB8-49E3-AF06-371192BBE7E0}.Release|Any CPU.ActiveCfg = Release|Any CPU
		{A8790D79-FAB8-49E3-AF06-371192BBE7E0}.Release|Any CPU.Build.0 = Release|Any CPU
		{7DEFF466-288F-4B7D-BBF1-7A556CFBCAD0}.Debug|Any CPU.ActiveCfg = Debug|Any CPU
		{7DEFF466-288F-4B7D-BBF1-7A556CFBCAD0}.Debug|Any CPU.Build.0 = Debug|Any CPU
		{7DEFF466-288F-4B7D-BBF1-7A556CFBCAD0}.Release|Any CPU.ActiveCfg = Release|Any CPU
		{7DEFF466-288F-4B7D-BBF1-7A556CFBCAD0}.Release|Any CPU.Build.0 = Release|Any CPU
	EndGlobalSection
	GlobalSection(SolutionProperties) = preSolution
		HideSolutionNode = FALSE
	EndGlobalSection
	GlobalSection(NestedProjects) = preSolution
		{2A20F480-E36D-4CB4-9D95-2E7304B447A7} = {129ACFF1-2BFF-4B32-814C-2D0180AE0726}
		{DF31D4E3-F8DE-4891-A91B-7F746BF988C8} = {129ACFF1-2BFF-4B32-814C-2D0180AE0726}
		{F79E11B2-FF96-462F-B564-E8112E2B9A7A} = {129ACFF1-2BFF-4B32-814C-2D0180AE0726}
		{ED337C0A-3B91-4EA3-A6A2-C4C16F5DF5A6} = {129ACFF1-2BFF-4B32-814C-2D0180AE0726}
		{CBE7A5AD-17AF-4BC4-B4AF-4C72BF948696} = {7D4AAE7C-E143-478D-91E7-ADB07732FED0}
		{68EBEB62-E539-4B13-BE6A-9BFC86D7E83C} = {7D4AAE7C-E143-478D-91E7-ADB07732FED0}
		{83C1ABD2-EF92-4527-9C10-3E4476F69304} = {7D4AAE7C-E143-478D-91E7-ADB07732FED0}
		{DD4D9EF8-E60E-4311-8883-1DDE44312E4C} = {EF000179-67B5-4162-8A9F-724E762CD668}
		{ED65C7C2-0A44-4C59-A6DA-E193A6637101} = {EF000179-67B5-4162-8A9F-724E762CD668}
		{A8790D79-FAB8-49E3-AF06-371192BBE7E0} = {EF000179-67B5-4162-8A9F-724E762CD668}
		{7DEFF466-288F-4B7D-BBF1-7A556CFBCAD0} = {EF000179-67B5-4162-8A9F-724E762CD668}
	EndGlobalSection
	GlobalSection(ExtensibilityGlobals) = postSolution
		SolutionGuid = {416A70E5-B624-4A1B-BE9E-EC5BED89FD9F}
	EndGlobalSection
EndGlobal
