
Microsoft Visual Studio Solution File, Format Version 12.00
# Visual Studio Version 17
VisualStudioVersion = 17.5.33516.290
MinimumVisualStudioVersion = 10.0.40219.1
Project("{9A19103F-16F7-4668-BE54-9A1E7A4F7556}") = "MakeYouPro.Bank.CRM", "MakeYouPro.Bank.CRM\MakeYouPro.Bank.CRM.csproj", "{B2E957E9-92A2-4225-9E6A-B5A018AD900A}"
EndProject
Project("{9A19103F-16F7-4668-BE54-9A1E7A4F7556}") = "MakeYouPro.Bourse.CRM.Bll", "MakeYouPro.Bourse.CRM.Bll\MakeYouPro.Bourse.CRM.Bll.csproj", "{2A20F480-E36D-4CB4-9D95-2E7304B447A7}"
EndProject
Project("{9A19103F-16F7-4668-BE54-9A1E7A4F7556}") = "MakeYouPro.Bourse.CRM.Dal", "MakeYouPro.Bourse.CRM.Dal\MakeYouPro.Bourse.CRM.Dal.csproj", "{DF31D4E3-F8DE-4891-A91B-7F746BF988C8}"
EndProject
Project("{2150E333-8FDC-42A3-9474-1A3956D46DE8}") = "MakeYouPro.Bourse.CRM", "MakeYouPro.Bourse.CRM", "{129ACFF1-2BFF-4B32-814C-2D0180AE0726}"
EndProject
Project("{9A19103F-16F7-4668-BE54-9A1E7A4F7556}") = "MakeYouPro.Bourse.CRM.Api", "MakeYouPro.Bourse.CRM.Api\MakeYouPro.Bourse.CRM.Api.csproj", "{F79E11B2-FF96-462F-B564-E8112E2B9A7A}"
EndProject
Project("{9A19103F-16F7-4668-BE54-9A1E7A4F7556}") = "MakeYouPro.Bourse.CRM.Core", "MakeYouPro.Bourse.CRM.Core\MakeYouPro.Bourse.CRM.Core.csproj", "{ED337C0A-3B91-4EA3-A6A2-C4C16F5DF5A6}"
EndProject
Project("{2150E333-8FDC-42A3-9474-1A3956D46DE8}") = "MakeYouPro.Bourse.TransactionStore", "MakeYouPro.Bourse.TransactionStore", "{5A14A470-9D07-478B-8A0D-567E38697EDD}"
EndProject
Project("{9A19103F-16F7-4668-BE54-9A1E7A4F7556}") = "TransactionStore.API", "..\Git\TransactionStore\TransactionStore.API\TransactionStore.API.csproj", "{42545FDE-A0A3-43D8-8B4B-5E71884A8B42}"
EndProject
Project("{9A19103F-16F7-4668-BE54-9A1E7A4F7556}") = "TransactionStore.BLL", "..\Git\TransactionStore\TransactionStore.BLL\TransactionStore.BLL.csproj", "{69260807-9368-4CAB-8810-243B9544CEB7}"
EndProject
Project("{9A19103F-16F7-4668-BE54-9A1E7A4F7556}") = "TransactionStore.Contracts", "..\Git\TransactionStore\TransactionStore.Contracts\TransactionStore.Contracts.csproj", "{7BE68326-BBE5-4A2A-908D-7D80BF849CC5}"
EndProject
Project("{9A19103F-16F7-4668-BE54-9A1E7A4F7556}") = "TransactionStore.DAL", "..\Git\TransactionStore\TransactionStore.DAL\TransactionStore.DAL.csproj", "{2356E3A6-F804-460B-8C0C-EA6C30E6D3AF}"
EndProject
Project("{9A19103F-16F7-4668-BE54-9A1E7A4F7556}") = "TransactionStore.Mapper", "..\Git\TransactionStore\TransactionStore.Mapper\TransactionStore.Mapper.csproj", "{F1EF7576-0F30-4F92-8226-C6A578DF8D9C}"
EndProject
Project("{9A19103F-16F7-4668-BE54-9A1E7A4F7556}") = "TransactionStore.Models", "..\Git\TransactionStore\TransactionStore.Models\TransactionStore.Models.csproj", "{26825F15-238C-4465-AEDB-DC777C6CA00A}"
EndProject
Project("{9A19103F-16F7-4668-BE54-9A1E7A4F7556}") = "TransactionStore.Tests", "..\Git\TransactionStore\TransactionStore.Tests\TransactionStore.Tests.csproj", "{B7BB02F3-202B-4158-8E39-B5AE2C25EB69}"
EndProject
Global
	GlobalSection(SolutionConfigurationPlatforms) = preSolution
		Debug|Any CPU = Debug|Any CPU
		Release|Any CPU = Release|Any CPU
	EndGlobalSection
	GlobalSection(ProjectConfigurationPlatforms) = postSolution
		{B2E957E9-92A2-4225-9E6A-B5A018AD900A}.Debug|Any CPU.ActiveCfg = Debug|Any CPU
		{B2E957E9-92A2-4225-9E6A-B5A018AD900A}.Debug|Any CPU.Build.0 = Debug|Any CPU
		{B2E957E9-92A2-4225-9E6A-B5A018AD900A}.Release|Any CPU.ActiveCfg = Release|Any CPU
		{B2E957E9-92A2-4225-9E6A-B5A018AD900A}.Release|Any CPU.Build.0 = Release|Any CPU
		{2A20F480-E36D-4CB4-9D95-2E7304B447A7}.Debug|Any CPU.ActiveCfg = Debug|Any CPU
		{2A20F480-E36D-4CB4-9D95-2E7304B447A7}.Debug|Any CPU.Build.0 = Debug|Any CPU
		{2A20F480-E36D-4CB4-9D95-2E7304B447A7}.Release|Any CPU.ActiveCfg = Release|Any CPU
		{2A20F480-E36D-4CB4-9D95-2E7304B447A7}.Release|Any CPU.Build.0 = Release|Any CPU
		{DF31D4E3-F8DE-4891-A91B-7F746BF988C8}.Debug|Any CPU.ActiveCfg = Debug|Any CPU
		{DF31D4E3-F8DE-4891-A91B-7F746BF988C8}.Debug|Any CPU.Build.0 = Debug|Any CPU
		{DF31D4E3-F8DE-4891-A91B-7F746BF988C8}.Release|Any CPU.ActiveCfg = Release|Any CPU
		{DF31D4E3-F8DE-4891-A91B-7F746BF988C8}.Release|Any CPU.Build.0 = Release|Any CPU
		{F79E11B2-FF96-462F-B564-E8112E2B9A7A}.Debug|Any CPU.ActiveCfg = Debug|Any CPU
		{F79E11B2-FF96-462F-B564-E8112E2B9A7A}.Debug|Any CPU.Build.0 = Debug|Any CPU
		{F79E11B2-FF96-462F-B564-E8112E2B9A7A}.Release|Any CPU.ActiveCfg = Release|Any CPU
		{F79E11B2-FF96-462F-B564-E8112E2B9A7A}.Release|Any CPU.Build.0 = Release|Any CPU
		{ED337C0A-3B91-4EA3-A6A2-C4C16F5DF5A6}.Debug|Any CPU.ActiveCfg = Debug|Any CPU
		{ED337C0A-3B91-4EA3-A6A2-C4C16F5DF5A6}.Debug|Any CPU.Build.0 = Debug|Any CPU
		{ED337C0A-3B91-4EA3-A6A2-C4C16F5DF5A6}.Release|Any CPU.ActiveCfg = Release|Any CPU
		{ED337C0A-3B91-4EA3-A6A2-C4C16F5DF5A6}.Release|Any CPU.Build.0 = Release|Any CPU
		{42545FDE-A0A3-43D8-8B4B-5E71884A8B42}.Debug|Any CPU.ActiveCfg = Debug|Any CPU
		{42545FDE-A0A3-43D8-8B4B-5E71884A8B42}.Debug|Any CPU.Build.0 = Debug|Any CPU
		{42545FDE-A0A3-43D8-8B4B-5E71884A8B42}.Release|Any CPU.ActiveCfg = Release|Any CPU
		{42545FDE-A0A3-43D8-8B4B-5E71884A8B42}.Release|Any CPU.Build.0 = Release|Any CPU
		{69260807-9368-4CAB-8810-243B9544CEB7}.Debug|Any CPU.ActiveCfg = Debug|Any CPU
		{69260807-9368-4CAB-8810-243B9544CEB7}.Debug|Any CPU.Build.0 = Debug|Any CPU
		{69260807-9368-4CAB-8810-243B9544CEB7}.Release|Any CPU.ActiveCfg = Release|Any CPU
		{69260807-9368-4CAB-8810-243B9544CEB7}.Release|Any CPU.Build.0 = Release|Any CPU
		{7BE68326-BBE5-4A2A-908D-7D80BF849CC5}.Debug|Any CPU.ActiveCfg = Debug|Any CPU
		{7BE68326-BBE5-4A2A-908D-7D80BF849CC5}.Debug|Any CPU.Build.0 = Debug|Any CPU
		{7BE68326-BBE5-4A2A-908D-7D80BF849CC5}.Release|Any CPU.ActiveCfg = Release|Any CPU
		{7BE68326-BBE5-4A2A-908D-7D80BF849CC5}.Release|Any CPU.Build.0 = Release|Any CPU
		{2356E3A6-F804-460B-8C0C-EA6C30E6D3AF}.Debug|Any CPU.ActiveCfg = Debug|Any CPU
		{2356E3A6-F804-460B-8C0C-EA6C30E6D3AF}.Debug|Any CPU.Build.0 = Debug|Any CPU
		{2356E3A6-F804-460B-8C0C-EA6C30E6D3AF}.Release|Any CPU.ActiveCfg = Release|Any CPU
		{2356E3A6-F804-460B-8C0C-EA6C30E6D3AF}.Release|Any CPU.Build.0 = Release|Any CPU
		{F1EF7576-0F30-4F92-8226-C6A578DF8D9C}.Debug|Any CPU.ActiveCfg = Debug|Any CPU
		{F1EF7576-0F30-4F92-8226-C6A578DF8D9C}.Debug|Any CPU.Build.0 = Debug|Any CPU
		{F1EF7576-0F30-4F92-8226-C6A578DF8D9C}.Release|Any CPU.ActiveCfg = Release|Any CPU
		{F1EF7576-0F30-4F92-8226-C6A578DF8D9C}.Release|Any CPU.Build.0 = Release|Any CPU
		{26825F15-238C-4465-AEDB-DC777C6CA00A}.Debug|Any CPU.ActiveCfg = Debug|Any CPU
		{26825F15-238C-4465-AEDB-DC777C6CA00A}.Debug|Any CPU.Build.0 = Debug|Any CPU
		{26825F15-238C-4465-AEDB-DC777C6CA00A}.Release|Any CPU.ActiveCfg = Release|Any CPU
		{26825F15-238C-4465-AEDB-DC777C6CA00A}.Release|Any CPU.Build.0 = Release|Any CPU
		{B7BB02F3-202B-4158-8E39-B5AE2C25EB69}.Debug|Any CPU.ActiveCfg = Debug|Any CPU
		{B7BB02F3-202B-4158-8E39-B5AE2C25EB69}.Debug|Any CPU.Build.0 = Debug|Any CPU
		{B7BB02F3-202B-4158-8E39-B5AE2C25EB69}.Release|Any CPU.ActiveCfg = Release|Any CPU
		{B7BB02F3-202B-4158-8E39-B5AE2C25EB69}.Release|Any CPU.Build.0 = Release|Any CPU
	EndGlobalSection
	GlobalSection(SolutionProperties) = preSolution
		HideSolutionNode = FALSE
	EndGlobalSection
	GlobalSection(NestedProjects) = preSolution
		{2A20F480-E36D-4CB4-9D95-2E7304B447A7} = {129ACFF1-2BFF-4B32-814C-2D0180AE0726}
		{DF31D4E3-F8DE-4891-A91B-7F746BF988C8} = {129ACFF1-2BFF-4B32-814C-2D0180AE0726}
		{F79E11B2-FF96-462F-B564-E8112E2B9A7A} = {129ACFF1-2BFF-4B32-814C-2D0180AE0726}
		{ED337C0A-3B91-4EA3-A6A2-C4C16F5DF5A6} = {129ACFF1-2BFF-4B32-814C-2D0180AE0726}
		{42545FDE-A0A3-43D8-8B4B-5E71884A8B42} = {5A14A470-9D07-478B-8A0D-567E38697EDD}
		{69260807-9368-4CAB-8810-243B9544CEB7} = {5A14A470-9D07-478B-8A0D-567E38697EDD}
		{7BE68326-BBE5-4A2A-908D-7D80BF849CC5} = {5A14A470-9D07-478B-8A0D-567E38697EDD}
		{2356E3A6-F804-460B-8C0C-EA6C30E6D3AF} = {5A14A470-9D07-478B-8A0D-567E38697EDD}
		{F1EF7576-0F30-4F92-8226-C6A578DF8D9C} = {5A14A470-9D07-478B-8A0D-567E38697EDD}
		{26825F15-238C-4465-AEDB-DC777C6CA00A} = {5A14A470-9D07-478B-8A0D-567E38697EDD}
		{B7BB02F3-202B-4158-8E39-B5AE2C25EB69} = {5A14A470-9D07-478B-8A0D-567E38697EDD}
	EndGlobalSection
	GlobalSection(ExtensibilityGlobals) = postSolution
		SolutionGuid = {416A70E5-B624-4A1B-BE9E-EC5BED89FD9F}
	EndGlobalSection
EndGlobal
